
Microsoft Visual Studio Solution File, Format Version 12.00
# Visual Studio 14
VisualStudioVersion = 14.0.25420.1
MinimumVisualStudioVersion = 10.0.40219.1
Project("{FAE04EC0-301F-11D3-BF4B-00C04F79EFBC}") = "PowerShellMethodAuditor", "PowerShellMethodAuditor\PowerShellMethodAuditor.csproj", "{15BFB9D4-F7ED-44FD-B817-6030411DBCAE}"
EndProject
Global
	GlobalSection(SolutionConfigurationPlatforms) = preSolution
		Debug|Any CPU = Debug|Any CPU
		Release|Any CPU = Release|Any CPU
	EndGlobalSection
	GlobalSection(ProjectConfigurationPlatforms) = postSolution
		{15BFB9D4-F7ED-44FD-B817-6030411DBCAE}.Debug|Any CPU.ActiveCfg = Debug|Any CPU
		{15BFB9D4-F7ED-44FD-B817-6030411DBCAE}.Debug|Any CPU.Build.0 = Debug|Any CPU
		{15BFB9D4-F7ED-44FD-B817-6030411DBCAE}.Release|Any CPU.ActiveCfg = Release|Any CPU
		{15BFB9D4-F7ED-44FD-B817-6030411DBCAE}.Release|Any CPU.Build.0 = Release|Any CPU
	EndGlobalSection
	GlobalSection(SolutionProperties) = preSolution
		HideSolutionNode = FALSE
	EndGlobalSection
EndGlobal
